// !$*UTF8*$!
{
	archiveVersion = 1;
	classes = {
	};
	objectVersion = 56;
	objects = {

/* Begin PBXBuildFile section */
		4A11182E2BB017330018108B /* AppDelegate.swift in Sources */ = {isa = PBXBuildFile; fileRef = 4A11182D2BB017330018108B /* AppDelegate.swift */; };
		4A1118302BB017330018108B /* SceneDelegate.swift in Sources */ = {isa = PBXBuildFile; fileRef = 4A11182F2BB017330018108B /* SceneDelegate.swift */; };
		4A1118322BB017330018108B /* ViewController.swift in Sources */ = {isa = PBXBuildFile; fileRef = 4A1118312BB017330018108B /* ViewController.swift */; };
		4A1118352BB017330018108B /* Main.storyboard in Resources */ = {isa = PBXBuildFile; fileRef = 4A1118332BB017330018108B /* Main.storyboard */; };
		4A1118372BB017340018108B /* Assets.xcassets in Resources */ = {isa = PBXBuildFile; fileRef = 4A1118362BB017340018108B /* Assets.xcassets */; };
		4A11183A2BB017340018108B /* LaunchScreen.storyboard in Resources */ = {isa = PBXBuildFile; fileRef = 4A1118382BB017340018108B /* LaunchScreen.storyboard */; };
		4A1118432BB0179A0018108B /* SDWebImage in Frameworks */ = {isa = PBXBuildFile; productRef = 4A1118422BB0179A0018108B /* SDWebImage */; };
		4A1118452BB0179A0018108B /* SDWebImageMapKit in Frameworks */ = {isa = PBXBuildFile; productRef = 4A1118442BB0179A0018108B /* SDWebImageMapKit */; };
		4A1118472BB01F990018108B /* ImageManager.swift in Sources */ = {isa = PBXBuildFile; fileRef = 4A1118462BB01F990018108B /* ImageManager.swift */; };
		4A1118492BB020E20018108B /* ImageManagerRx.swift in Sources */ = {isa = PBXBuildFile; fileRef = 4A1118482BB020E20018108B /* ImageManagerRx.swift */; };
		4A11184C2BB020F30018108B /* RxBlocking in Frameworks */ = {isa = PBXBuildFile; productRef = 4A11184B2BB020F30018108B /* RxBlocking */; };
		4A11184E2BB020F30018108B /* RxBlocking-Dynamic in Frameworks */ = {isa = PBXBuildFile; productRef = 4A11184D2BB020F30018108B /* RxBlocking-Dynamic */; };
		4A1118502BB020F30018108B /* RxCocoa in Frameworks */ = {isa = PBXBuildFile; productRef = 4A11184F2BB020F30018108B /* RxCocoa */; };
		4A1118522BB020F30018108B /* RxCocoa-Dynamic in Frameworks */ = {isa = PBXBuildFile; productRef = 4A1118512BB020F30018108B /* RxCocoa-Dynamic */; };
		4A1118542BB020F30018108B /* RxRelay in Frameworks */ = {isa = PBXBuildFile; productRef = 4A1118532BB020F30018108B /* RxRelay */; };
/* End PBXBuildFile section */

/* Begin PBXFileReference section */
		4A11182A2BB017330018108B /* ExPrefetch.app */ = {isa = PBXFileReference; explicitFileType = wrapper.application; includeInIndex = 0; path = ExPrefetch.app; sourceTree = BUILT_PRODUCTS_DIR; };
		4A11182D2BB017330018108B /* AppDelegate.swift */ = {isa = PBXFileReference; lastKnownFileType = sourcecode.swift; path = AppDelegate.swift; sourceTree = "<group>"; };
		4A11182F2BB017330018108B /* SceneDelegate.swift */ = {isa = PBXFileReference; lastKnownFileType = sourcecode.swift; path = SceneDelegate.swift; sourceTree = "<group>"; };
		4A1118312BB017330018108B /* ViewController.swift */ = {isa = PBXFileReference; lastKnownFileType = sourcecode.swift; path = ViewController.swift; sourceTree = "<group>"; };
		4A1118342BB017330018108B /* Base */ = {isa = PBXFileReference; lastKnownFileType = file.storyboard; name = Base; path = Base.lproj/Main.storyboard; sourceTree = "<group>"; };
		4A1118362BB017340018108B /* Assets.xcassets */ = {isa = PBXFileReference; lastKnownFileType = folder.assetcatalog; path = Assets.xcassets; sourceTree = "<group>"; };
		4A1118392BB017340018108B /* Base */ = {isa = PBXFileReference; lastKnownFileType = file.storyboard; name = Base; path = Base.lproj/LaunchScreen.storyboard; sourceTree = "<group>"; };
		4A11183B2BB017340018108B /* Info.plist */ = {isa = PBXFileReference; lastKnownFileType = text.plist.xml; path = Info.plist; sourceTree = "<group>"; };
		4A1118462BB01F990018108B /* ImageManager.swift */ = {isa = PBXFileReference; lastKnownFileType = sourcecode.swift; path = ImageManager.swift; sourceTree = "<group>"; };
		4A1118482BB020E20018108B /* ImageManagerRx.swift */ = {isa = PBXFileReference; lastKnownFileType = sourcecode.swift; path = ImageManagerRx.swift; sourceTree = "<group>"; };
/* End PBXFileReference section */

/* Begin PBXFrameworksBuildPhase section */
		4A1118272BB017330018108B /* Frameworks */ = {
			isa = PBXFrameworksBuildPhase;
			buildActionMask = 2147483647;
			files = (
				4A1118452BB0179A0018108B /* SDWebImageMapKit in Frameworks */,
				4A11184C2BB020F30018108B /* RxBlocking in Frameworks */,
				4A1118542BB020F30018108B /* RxRelay in Frameworks */,
				4A1118502BB020F30018108B /* RxCocoa in Frameworks */,
				4A1118432BB0179A0018108B /* SDWebImage in Frameworks */,
				4A1118522BB020F30018108B /* RxCocoa-Dynamic in Frameworks */,
				4A11184E2BB020F30018108B /* RxBlocking-Dynamic in Frameworks */,
			);
			runOnlyForDeploymentPostprocessing = 0;
		};
/* End PBXFrameworksBuildPhase section */

/* Begin PBXGroup section */
		4A1118212BB017330018108B = {
			isa = PBXGroup;
			children = (
				4A11182C2BB017330018108B /* ExPrefetch */,
				4A11182B2BB017330018108B /* Products */,
			);
			sourceTree = "<group>";
		};
		4A11182B2BB017330018108B /* Products */ = {
			isa = PBXGroup;
			children = (
				4A11182A2BB017330018108B /* ExPrefetch.app */,
			);
			name = Products;
			sourceTree = "<group>";
		};
		4A11182C2BB017330018108B /* ExPrefetch */ = {
			isa = PBXGroup;
			children = (
				4A11182D2BB017330018108B /* AppDelegate.swift */,
				4A11182F2BB017330018108B /* SceneDelegate.swift */,
				4A1118312BB017330018108B /* ViewController.swift */,
				4A1118462BB01F990018108B /* ImageManager.swift */,
				4A1118482BB020E20018108B /* ImageManagerRx.swift */,
				4A1118332BB017330018108B /* Main.storyboard */,
				4A1118362BB017340018108B /* Assets.xcassets */,
				4A1118382BB017340018108B /* LaunchScreen.storyboard */,
				4A11183B2BB017340018108B /* Info.plist */,
			);
			path = ExPrefetch;
			sourceTree = "<group>";
		};
/* End PBXGroup section */

/* Begin PBXNativeTarget section */
		4A1118292BB017330018108B /* ExPrefetch */ = {
			isa = PBXNativeTarget;
			buildConfigurationList = 4A11183E2BB017340018108B /* Build configuration list for PBXNativeTarget "ExPrefetch" */;
			buildPhases = (
				4A1118262BB017330018108B /* Sources */,
				4A1118272BB017330018108B /* Frameworks */,
				4A1118282BB017330018108B /* Resources */,
			);
			buildRules = (
			);
			dependencies = (
			);
			name = ExPrefetch;
			packageProductDependencies = (
				4A1118422BB0179A0018108B /* SDWebImage */,
				4A1118442BB0179A0018108B /* SDWebImageMapKit */,
				4A11184B2BB020F30018108B /* RxBlocking */,
				4A11184D2BB020F30018108B /* RxBlocking-Dynamic */,
				4A11184F2BB020F30018108B /* RxCocoa */,
				4A1118512BB020F30018108B /* RxCocoa-Dynamic */,
				4A1118532BB020F30018108B /* RxRelay */,
			);
			productName = ExPrefetch;
			productReference = 4A11182A2BB017330018108B /* ExPrefetch.app */;
			productType = "com.apple.product-type.application";
		};
/* End PBXNativeTarget section */

/* Begin PBXProject section */
		4A1118222BB017330018108B /* Project object */ = {
			isa = PBXProject;
			attributes = {
				BuildIndependentTargetsInParallel = 1;
				LastSwiftUpdateCheck = 1520;
				LastUpgradeCheck = 1520;
				TargetAttributes = {
					4A1118292BB017330018108B = {
						CreatedOnToolsVersion = 15.2;
					};
				};
			};
			buildConfigurationList = 4A1118252BB017330018108B /* Build configuration list for PBXProject "ExPrefetch" */;
			compatibilityVersion = "Xcode 14.0";
			developmentRegion = en;
			hasScannedForEncodings = 0;
			knownRegions = (
				en,
				Base,
			);
			mainGroup = 4A1118212BB017330018108B;
			packageReferences = (
				4A1118412BB0179A0018108B /* XCRemoteSwiftPackageReference "SDWebImage" */,
				4A11184A2BB020F30018108B /* XCRemoteSwiftPackageReference "RxSwift" */,
			);
			productRefGroup = 4A11182B2BB017330018108B /* Products */;
			projectDirPath = "";
			projectRoot = "";
			targets = (
				4A1118292BB017330018108B /* ExPrefetch */,
			);
		};
/* End PBXProject section */

/* Begin PBXResourcesBuildPhase section */
		4A1118282BB017330018108B /* Resources */ = {
			isa = PBXResourcesBuildPhase;
			buildActionMask = 2147483647;
			files = (
				4A11183A2BB017340018108B /* LaunchScreen.storyboard in Resources */,
				4A1118372BB017340018108B /* Assets.xcassets in Resources */,
				4A1118352BB017330018108B /* Main.storyboard in Resources */,
			);
			runOnlyForDeploymentPostprocessing = 0;
		};
/* End PBXResourcesBuildPhase section */

/* Begin PBXSourcesBuildPhase section */
		4A1118262BB017330018108B /* Sources */ = {
			isa = PBXSourcesBuildPhase;
			buildActionMask = 2147483647;
			files = (
				4A1118322BB017330018108B /* ViewController.swift in Sources */,
				4A1118472BB01F990018108B /* ImageManager.swift in Sources */,
				4A11182E2BB017330018108B /* AppDelegate.swift in Sources */,
				4A1118492BB020E20018108B /* ImageManagerRx.swift in Sources */,
				4A1118302BB017330018108B /* SceneDelegate.swift in Sources */,
			);
			runOnlyForDeploymentPostprocessing = 0;
		};
/* End PBXSourcesBuildPhase section */

/* Begin PBXVariantGroup section */
		4A1118332BB017330018108B /* Main.storyboard */ = {
			isa = PBXVariantGroup;
			children = (
				4A1118342BB017330018108B /* Base */,
			);
			name = Main.storyboard;
			sourceTree = "<group>";
		};
		4A1118382BB017340018108B /* LaunchScreen.storyboard */ = {
			isa = PBXVariantGroup;
			children = (
				4A1118392BB017340018108B /* Base */,
			);
			name = LaunchScreen.storyboard;
			sourceTree = "<group>";
		};
/* End PBXVariantGroup section */

/* Begin XCBuildConfiguration section */
		4A11183C2BB017340018108B /* Debug */ = {
			isa = XCBuildConfiguration;
			buildSettings = {
				ALWAYS_SEARCH_USER_PATHS = NO;
				ASSETCATALOG_COMPILER_GENERATE_SWIFT_ASSET_SYMBOL_EXTENSIONS = YES;
				CLANG_ANALYZER_NONNULL = YES;
				CLANG_ANALYZER_NUMBER_OBJECT_CONVERSION = YES_AGGRESSIVE;
				CLANG_CXX_LANGUAGE_STANDARD = "gnu++20";
				CLANG_ENABLE_MODULES = YES;
				CLANG_ENABLE_OBJC_ARC = YES;
				CLANG_ENABLE_OBJC_WEAK = YES;
				CLANG_WARN_BLOCK_CAPTURE_AUTORELEASING = YES;
				CLANG_WARN_BOOL_CONVERSION = YES;
				CLANG_WARN_COMMA = YES;
				CLANG_WARN_CONSTANT_CONVERSION = YES;
				CLANG_WARN_DEPRECATED_OBJC_IMPLEMENTATIONS = YES;
				CLANG_WARN_DIRECT_OBJC_ISA_USAGE = YES_ERROR;
				CLANG_WARN_DOCUMENTATION_COMMENTS = YES;
				CLANG_WARN_EMPTY_BODY = YES;
				CLANG_WARN_ENUM_CONVERSION = YES;
				CLANG_WARN_INFINITE_RECURSION = YES;
				CLANG_WARN_INT_CONVERSION = YES;
				CLANG_WARN_NON_LITERAL_NULL_CONVERSION = YES;
				CLANG_WARN_OBJC_IMPLICIT_RETAIN_SELF = YES;
				CLANG_WARN_OBJC_LITERAL_CONVERSION = YES;
				CLANG_WARN_OBJC_ROOT_CLASS = YES_ERROR;
				CLANG_WARN_QUOTED_INCLUDE_IN_FRAMEWORK_HEADER = YES;
				CLANG_WARN_RANGE_LOOP_ANALYSIS = YES;
				CLANG_WARN_STRICT_PROTOTYPES = YES;
				CLANG_WARN_SUSPICIOUS_MOVE = YES;
				CLANG_WARN_UNGUARDED_AVAILABILITY = YES_AGGRESSIVE;
				CLANG_WARN_UNREACHABLE_CODE = YES;
				CLANG_WARN__DUPLICATE_METHOD_MATCH = YES;
				COPY_PHASE_STRIP = NO;
				DEBUG_INFORMATION_FORMAT = dwarf;
				ENABLE_STRICT_OBJC_MSGSEND = YES;
				ENABLE_TESTABILITY = YES;
				ENABLE_USER_SCRIPT_SANDBOXING = YES;
				GCC_C_LANGUAGE_STANDARD = gnu17;
				GCC_DYNAMIC_NO_PIC = NO;
				GCC_NO_COMMON_BLOCKS = YES;
				GCC_OPTIMIZATION_LEVEL = 0;
				GCC_PREPROCESSOR_DEFINITIONS = (
					"DEBUG=1",
					"$(inherited)",
				);
				GCC_WARN_64_TO_32_BIT_CONVERSION = YES;
				GCC_WARN_ABOUT_RETURN_TYPE = YES_ERROR;
				GCC_WARN_UNDECLARED_SELECTOR = YES;
				GCC_WARN_UNINITIALIZED_AUTOS = YES_AGGRESSIVE;
				GCC_WARN_UNUSED_FUNCTION = YES;
				GCC_WARN_UNUSED_VARIABLE = YES;
				IPHONEOS_DEPLOYMENT_TARGET = 17.2;
				LOCALIZATION_PREFERS_STRING_CATALOGS = YES;
				MTL_ENABLE_DEBUG_INFO = INCLUDE_SOURCE;
				MTL_FAST_MATH = YES;
				ONLY_ACTIVE_ARCH = YES;
				SDKROOT = iphoneos;
				SWIFT_ACTIVE_COMPILATION_CONDITIONS = "DEBUG $(inherited)";
				SWIFT_OPTIMIZATION_LEVEL = "-Onone";
			};
			name = Debug;
		};
		4A11183D2BB017340018108B /* Release */ = {
			isa = XCBuildConfiguration;
			buildSettings = {
				ALWAYS_SEARCH_USER_PATHS = NO;
				ASSETCATALOG_COMPILER_GENERATE_SWIFT_ASSET_SYMBOL_EXTENSIONS = YES;
				CLANG_ANALYZER_NONNULL = YES;
				CLANG_ANALYZER_NUMBER_OBJECT_CONVERSION = YES_AGGRESSIVE;
				CLANG_CXX_LANGUAGE_STANDARD = "gnu++20";
				CLANG_ENABLE_MODULES = YES;
				CLANG_ENABLE_OBJC_ARC = YES;
				CLANG_ENABLE_OBJC_WEAK = YES;
				CLANG_WARN_BLOCK_CAPTURE_AUTORELEASING = YES;
				CLANG_WARN_BOOL_CONVERSION = YES;
				CLANG_WARN_COMMA = YES;
				CLANG_WARN_CONSTANT_CONVERSION = YES;
				CLANG_WARN_DEPRECATED_OBJC_IMPLEMENTATIONS = YES;
				CLANG_WARN_DIRECT_OBJC_ISA_USAGE = YES_ERROR;
				CLANG_WARN_DOCUMENTATION_COMMENTS = YES;
				CLANG_WARN_EMPTY_BODY = YES;
				CLANG_WARN_ENUM_CONVERSION = YES;
				CLANG_WARN_INFINITE_RECURSION = YES;
				CLANG_WARN_INT_CONVERSION = YES;
				CLANG_WARN_NON_LITERAL_NULL_CONVERSION = YES;
				CLANG_WARN_OBJC_IMPLICIT_RETAIN_SELF = YES;
				CLANG_WARN_OBJC_LITERAL_CONVERSION = YES;
				CLANG_WARN_OBJC_ROOT_CLASS = YES_ERROR;
				CLANG_WARN_QUOTED_INCLUDE_IN_FRAMEWORK_HEADER = YES;
				CLANG_WARN_RANGE_LOOP_ANALYSIS = YES;
				CLANG_WARN_STRICT_PROTOTYPES = YES;
				CLANG_WARN_SUSPICIOUS_MOVE = YES;
				CLANG_WARN_UNGUARDED_AVAILABILITY = YES_AGGRESSIVE;
				CLANG_WARN_UNREACHABLE_CODE = YES;
				CLANG_WARN__DUPLICATE_METHOD_MATCH = YES;
				COPY_PHASE_STRIP = NO;
				DEBUG_INFORMATION_FORMAT = "dwarf-with-dsym";
				ENABLE_NS_ASSERTIONS = NO;
				ENABLE_STRICT_OBJC_MSGSEND = YES;
				ENABLE_USER_SCRIPT_SANDBOXING = YES;
				GCC_C_LANGUAGE_STANDARD = gnu17;
				GCC_NO_COMMON_BLOCKS = YES;
				GCC_WARN_64_TO_32_BIT_CONVERSION = YES;
				GCC_WARN_ABOUT_RETURN_TYPE = YES_ERROR;
				GCC_WARN_UNDECLARED_SELECTOR = YES;
				GCC_WARN_UNINITIALIZED_AUTOS = YES_AGGRESSIVE;
				GCC_WARN_UNUSED_FUNCTION = YES;
				GCC_WARN_UNUSED_VARIABLE = YES;
				IPHONEOS_DEPLOYMENT_TARGET = 17.2;
				LOCALIZATION_PREFERS_STRING_CATALOGS = YES;
				MTL_ENABLE_DEBUG_INFO = NO;
				MTL_FAST_MATH = YES;
				SDKROOT = iphoneos;
				SWIFT_COMPILATION_MODE = wholemodule;
				VALIDATE_PRODUCT = YES;
			};
			name = Release;
		};
		4A11183F2BB017340018108B /* Debug */ = {
			isa = XCBuildConfiguration;
			buildSettings = {
				ASSETCATALOG_COMPILER_APPICON_NAME = AppIcon;
				ASSETCATALOG_COMPILER_GLOBAL_ACCENT_COLOR_NAME = AccentColor;
				CODE_SIGN_STYLE = Automatic;
				CURRENT_PROJECT_VERSION = 1;
				DEVELOPMENT_TEAM = SS7U83UJNK;
				GENERATE_INFOPLIST_FILE = YES;
				INFOPLIST_FILE = ExPrefetch/Info.plist;
				INFOPLIST_KEY_UIApplicationSupportsIndirectInputEvents = YES;
				INFOPLIST_KEY_UILaunchStoryboardName = LaunchScreen;
				INFOPLIST_KEY_UIMainStoryboardFile = Main;
				INFOPLIST_KEY_UISupportedInterfaceOrientations_iPad = "UIInterfaceOrientationPortrait UIInterfaceOrientationPortraitUpsideDown UIInterfaceOrientationLandscapeLeft UIInterfaceOrientationLandscapeRight";
				INFOPLIST_KEY_UISupportedInterfaceOrientations_iPhone = "UIInterfaceOrientationPortrait UIInterfaceOrientationLandscapeLeft UIInterfaceOrientationLandscapeRight";
				LD_RUNPATH_SEARCH_PATHS = (
					"$(inherited)",
					"@executable_path/Frameworks",
				);
				MARKETING_VERSION = 1.0;
				PRODUCT_BUNDLE_IDENTIFIER = com.jake.ExPrefetch;
				PRODUCT_NAME = "$(TARGET_NAME)";
				SWIFT_EMIT_LOC_STRINGS = YES;
				SWIFT_VERSION = 5.0;
				TARGETED_DEVICE_FAMILY = "1,2";
			};
			name = Debug;
		};
		4A1118402BB017340018108B /* Release */ = {
			isa = XCBuildConfiguration;
			buildSettings = {
				ASSETCATALOG_COMPILER_APPICON_NAME = AppIcon;
				ASSETCATALOG_COMPILER_GLOBAL_ACCENT_COLOR_NAME = AccentColor;
				CODE_SIGN_STYLE = Automatic;
				CURRENT_PROJECT_VERSION = 1;
				DEVELOPMENT_TEAM = SS7U83UJNK;
				GENERATE_INFOPLIST_FILE = YES;
				INFOPLIST_FILE = ExPrefetch/Info.plist;
				INFOPLIST_KEY_UIApplicationSupportsIndirectInputEvents = YES;
				INFOPLIST_KEY_UILaunchStoryboardName = LaunchScreen;
				INFOPLIST_KEY_UIMainStoryboardFile = Main;
				INFOPLIST_KEY_UISupportedInterfaceOrientations_iPad = "UIInterfaceOrientationPortrait UIInterfaceOrientationPortraitUpsideDown UIInterfaceOrientationLandscapeLeft UIInterfaceOrientationLandscapeRight";
				INFOPLIST_KEY_UISupportedInterfaceOrientations_iPhone = "UIInterfaceOrientationPortrait UIInterfaceOrientationLandscapeLeft UIInterfaceOrientationLandscapeRight";
				LD_RUNPATH_SEARCH_PATHS = (
					"$(inherited)",
					"@executable_path/Frameworks",
				);
				MARKETING_VERSION = 1.0;
				PRODUCT_BUNDLE_IDENTIFIER = com.jake.ExPrefetch;
				PRODUCT_NAME = "$(TARGET_NAME)";
				SWIFT_EMIT_LOC_STRINGS = YES;
				SWIFT_VERSION = 5.0;
				TARGETED_DEVICE_FAMILY = "1,2";
			};
			name = Release;
		};
/* End XCBuildConfiguration section */

/* Begin XCConfigurationList section */
		4A1118252BB017330018108B /* Build configuration list for PBXProject "ExPrefetch" */ = {
			isa = XCConfigurationList;
			buildConfigurations = (
				4A11183C2BB017340018108B /* Debug */,
				4A11183D2BB017340018108B /* Release */,
			);
			defaultConfigurationIsVisible = 0;
			defaultConfigurationName = Release;
		};
		4A11183E2BB017340018108B /* Build configuration list for PBXNativeTarget "ExPrefetch" */ = {
			isa = XCConfigurationList;
			buildConfigurations = (
				4A11183F2BB017340018108B /* Debug */,
				4A1118402BB017340018108B /* Release */,
			);
			defaultConfigurationIsVisible = 0;
			defaultConfigurationName = Release;
		};
/* End XCConfigurationList section */

/* Begin XCRemoteSwiftPackageReference section */
		4A1118412BB0179A0018108B /* XCRemoteSwiftPackageReference "SDWebImage" */ = {
			isa = XCRemoteSwiftPackageReference;
			repositoryURL = "https://github.com/SDWebImage/SDWebImage.git";
			requirement = {
				kind = upToNextMajorVersion;
				minimumVersion = 5.19.0;
			};
		};
		4A11184A2BB020F30018108B /* XCRemoteSwiftPackageReference "RxSwift" */ = {
			isa = XCRemoteSwiftPackageReference;
			repositoryURL = "https://github.com/ReactiveX/RxSwift.git";
			requirement = {
				kind = upToNextMajorVersion;
				minimumVersion = 6.6.0;
			};
		};
/* End XCRemoteSwiftPackageReference section */

/* Begin XCSwiftPackageProductDependency section */
		4A1118422BB0179A0018108B /* SDWebImage */ = {
			isa = XCSwiftPackageProductDependency;
			package = 4A1118412BB0179A0018108B /* XCRemoteSwiftPackageReference "SDWebImage" */;
			productName = SDWebImage;
		};
		4A1118442BB0179A0018108B /* SDWebImageMapKit */ = {
			isa = XCSwiftPackageProductDependency;
			package = 4A1118412BB0179A0018108B /* XCRemoteSwiftPackageReference "SDWebImage" */;
			productName = SDWebImageMapKit;
		};
		4A11184B2BB020F30018108B /* RxBlocking */ = {
			isa = XCSwiftPackageProductDependency;
			package = 4A11184A2BB020F30018108B /* XCRemoteSwiftPackageReference "RxSwift" */;
			productName = RxBlocking;
		};
		4A11184D2BB020F30018108B /* RxBlocking-Dynamic */ = {
			isa = XCSwiftPackageProductDependency;
			package = 4A11184A2BB020F30018108B /* XCRemoteSwiftPackageReference "RxSwift" */;
			productName = "RxBlocking-Dynamic";
		};
		4A11184F2BB020F30018108B /* RxCocoa */ = {
			isa = XCSwiftPackageProductDependency;
			package = 4A11184A2BB020F30018108B /* XCRemoteSwiftPackageReference "RxSwift" */;
			productName = RxCocoa;
		};
		4A1118512BB020F30018108B /* RxCocoa-Dynamic */ = {
			isa = XCSwiftPackageProductDependency;
			package = 4A11184A2BB020F30018108B /* XCRemoteSwiftPackageReference "RxSwift" */;
			productName = "RxCocoa-Dynamic";
		};
		4A1118532BB020F30018108B /* RxRelay */ = {
			isa = XCSwiftPackageProductDependency;
			package = 4A11184A2BB020F30018108B /* XCRemoteSwiftPackageReference "RxSwift" */;
			productName = RxRelay;
		};
/* End XCSwiftPackageProductDependency section */
	};
	rootObject = 4A1118222BB017330018108B /* Project object */;
}
